// !$*UTF8*$!
{
	archiveVersion = 1;
	classes = {
	};
	objectVersion = 46;
	objects = {

/* Begin PBXBuildFile section */
		1D3623260D0F684500981E51 /* GDNet_ImageOfTheDayAppDelegate.m in Sources */ = {isa = PBXBuildFile; fileRef = 1D3623250D0F684500981E51 /* GDNet_ImageOfTheDayAppDelegate.m */; };
		1D60589B0D05DD56006BFB54 /* main.m in Sources */ = {isa = PBXBuildFile; fileRef = 29B97316FDCFA39411CA2CEA /* main.m */; };
		1D60589F0D05DD5A006BFB54 /* Foundation.framework in Frameworks */ = {isa = PBXBuildFile; fileRef = 1D30AB110D05D00D00671497 /* Foundation.framework */; };
		1DF5F4E00D08C38300B7A737 /* UIKit.framework in Frameworks */ = {isa = PBXBuildFile; fileRef = 1DF5F4DF0D08C38300B7A737 /* UIKit.framework */; };
		26105571134E389300513008 /* FavoritesListViewController.m in Sources */ = {isa = PBXBuildFile; fileRef = 26105570134E389300513008 /* FavoritesListViewController.m */; };
		26105574134E477D00513008 /* FavoritesDataManager.m in Sources */ = {isa = PBXBuildFile; fileRef = 26105573134E477D00513008 /* FavoritesDataManager.m */; };
		26105575134E477D00513008 /* FavoritesDataManager.m in Sources */ = {isa = PBXBuildFile; fileRef = 26105573134E477D00513008 /* FavoritesDataManager.m */; };
		26105578134E4EB500513008 /* FavoritePostDetailsController.m in Sources */ = {isa = PBXBuildFile; fileRef = 26105577134E4EB500513008 /* FavoritePostDetailsController.m */; };
		262637E01336463A00366FB2 /* WebView.m in Sources */ = {isa = PBXBuildFile; fileRef = 262637DF1336463A00366FB2 /* WebView.m */; };
		262B64DE1336AC7D0086EB20 /* sample_archive_post.html in Resources */ = {isa = PBXBuildFile; fileRef = 262B64DD1336AC7D0086EB20 /* sample_archive_post.html */; };
		262B64E21336C5DA0086EB20 /* zbyhoo.png in Resources */ = {isa = PBXBuildFile; fileRef = 262B64E11336C5DA0086EB20 /* zbyhoo.png */; };
		262B64E41336C5ED0086EB20 /* zbyhoo_test.png in Resources */ = {isa = PBXBuildFile; fileRef = 262B64E31336C5ED0086EB20 /* zbyhoo_test.png */; };
		262CB9121379AB7B0051E090 /* devmaster_logo.png in Resources */ = {isa = PBXBuildFile; fileRef = 262CB9101379AB7B0051E090 /* devmaster_logo.png */; };
		262CB9131379AB7B0051E090 /* gamedev_logo.png in Resources */ = {isa = PBXBuildFile; fileRef = 262CB9111379AB7B0051E090 /* gamedev_logo.png */; };
		262CB9171379CA180051E090 /* AboutViewController.m in Sources */ = {isa = PBXBuildFile; fileRef = 262CB9151379CA180051E090 /* AboutViewController.m */; };
		262CB9181379CA180051E090 /* AboutViewController.xib in Resources */ = {isa = PBXBuildFile; fileRef = 262CB9161379CA180051E090 /* AboutViewController.xib */; };
		262CB91C1379D09F0051E090 /* 09-chat-2.png in Resources */ = {isa = PBXBuildFile; fileRef = 262CB91B1379D09F0051E090 /* 09-chat-2.png */; };
		263E1FDF1309810000775E2B /* GHUnitIOS.framework in Frameworks */ = {isa = PBXBuildFile; fileRef = 263E1FDE1309810000775E2B /* GHUnitIOS.framework */; };
		2647D7B5133AA22100540BFB /* ZoomedImageViewController.m in Sources */ = {isa = PBXBuildFile; fileRef = 2647D7B3133AA22100540BFB /* ZoomedImageViewController.m */; };
		2647D7B6133AA22100540BFB /* ZoomedImageViewController.xib in Resources */ = {isa = PBXBuildFile; fileRef = 2647D7B4133AA22100540BFB /* ZoomedImageViewController.xib */; };
		2647D7B9133AA6C400540BFB /* ImageButton.m in Sources */ = {isa = PBXBuildFile; fileRef = 2647D7B8133AA6C300540BFB /* ImageButton.m */; };
		2648CFEA1301EF49006941E9 /* Constants.m in Sources */ = {isa = PBXBuildFile; fileRef = 2648CFE91301EF49006941E9 /* Constants.m */; };
		2648D0691301FA5A006941E9 /* GHUnitIOSTestMain.m in Sources */ = {isa = PBXBuildFile; fileRef = 2648D0681301FA5A006941E9 /* GHUnitIOSTestMain.m */; };
		2648D0901301FCA5006941E9 /* CoreGraphics.framework in Frameworks */ = {isa = PBXBuildFile; fileRef = 288765A40DF7441C002DB57D /* CoreGraphics.framework */; };
		2648D0911301FCA5006941E9 /* Foundation.framework in Frameworks */ = {isa = PBXBuildFile; fileRef = 1D30AB110D05D00D00671497 /* Foundation.framework */; };
		2648D0921301FCA5006941E9 /* UIKit.framework in Frameworks */ = {isa = PBXBuildFile; fileRef = 1DF5F4DF0D08C38300B7A737 /* UIKit.framework */; };
		2648D0BB1301FED8006941E9 /* GDHtmlStringConverterTest.m in Sources */ = {isa = PBXBuildFile; fileRef = 2648D0BA1301FED8006941E9 /* GDHtmlStringConverterTest.m */; };
		2648D10F1301FEF4006941E9 /* DataManager.m in Sources */ = {isa = PBXBuildFile; fileRef = 265F738412F21B8200DF9DF4 /* DataManager.m */; };
		2648D1101301FEF4006941E9 /* GDHtmlStringConverter.m in Sources */ = {isa = PBXBuildFile; fileRef = 265F738C12F21C1600DF9DF4 /* GDHtmlStringConverter.m */; };
		2648D1111301FEF4006941E9 /* Constants.m in Sources */ = {isa = PBXBuildFile; fileRef = 2648CFE91301EF49006941E9 /* Constants.m */; };
		264A60511332B63900037CEA /* GDPicture.m in Sources */ = {isa = PBXBuildFile; fileRef = 264A60501332B63900037CEA /* GDPicture.m */; };
		264A60521332B63900037CEA /* GDPicture.m in Sources */ = {isa = PBXBuildFile; fileRef = 264A60501332B63900037CEA /* GDPicture.m */; };
		264A60551332B63A00037CEA /* GDImagePost.m in Sources */ = {isa = PBXBuildFile; fileRef = 264A60541332B63A00037CEA /* GDImagePost.m */; };
		264A60561332B63A00037CEA /* GDImagePost.m in Sources */ = {isa = PBXBuildFile; fileRef = 264A60541332B63A00037CEA /* GDImagePost.m */; };
		264A605B1332CE8800037CEA /* DBHelperTest.m in Sources */ = {isa = PBXBuildFile; fileRef = 264A605A1332CE8800037CEA /* DBHelperTest.m */; };
		264F31B1130C69DF00BEB7C7 /* GDArchiveHtmlStringConverter.m in Sources */ = {isa = PBXBuildFile; fileRef = 264F31B0130C69DF00BEB7C7 /* GDArchiveHtmlStringConverter.m */; };
		264F31B2130C69DF00BEB7C7 /* GDArchiveHtmlStringConverter.m in Sources */ = {isa = PBXBuildFile; fileRef = 264F31B0130C69DF00BEB7C7 /* GDArchiveHtmlStringConverter.m */; };
		264F31C2130C6D8300BEB7C7 /* sample_archive_main_page.html in Resources */ = {isa = PBXBuildFile; fileRef = 264F31C1130C6D8300BEB7C7 /* sample_archive_main_page.html */; };
		264F31C4130C6DB500BEB7C7 /* GDArchiveHtmlStringConverterTest.m in Sources */ = {isa = PBXBuildFile; fileRef = 264F31C3130C6DB500BEB7C7 /* GDArchiveHtmlStringConverterTest.m */; };
		26577F4F133C0B9800CBDA3C /* 20-gear2.png in Resources */ = {isa = PBXBuildFile; fileRef = 26577F4E133C0B9800CBDA3C /* 20-gear2.png */; };
		26577F51133C0BC700CBDA3C /* 28-star.png in Resources */ = {isa = PBXBuildFile; fileRef = 26577F50133C0BC700CBDA3C /* 28-star.png */; };
		26595208138AE1EC0092085A /* face_logo.png in Resources */ = {isa = PBXBuildFile; fileRef = 26595207138AE1EC0092085A /* face_logo.png */; };
		2659520F138AFE850092085A /* iotd.png in Resources */ = {isa = PBXBuildFile; fileRef = 2659520E138AFE850092085A /* iotd.png */; };
		26595213138AFF5C0092085A /* Default.png in Resources */ = {isa = PBXBuildFile; fileRef = 26595212138AFF5C0092085A /* Default.png */; };
		265A6DA4130483AA00FDED1F /* SimpleLogger.m in Sources */ = {isa = PBXBuildFile; fileRef = 265A6DA3130483AA00FDED1F /* SimpleLogger.m */; };
		265A6DA5130483AA00FDED1F /* SimpleLogger.m in Sources */ = {isa = PBXBuildFile; fileRef = 265A6DA3130483AA00FDED1F /* SimpleLogger.m */; };
		265F738512F21B8200DF9DF4 /* DataManager.m in Sources */ = {isa = PBXBuildFile; fileRef = 265F738412F21B8200DF9DF4 /* DataManager.m */; };
		265F738D12F21C1600DF9DF4 /* GDHtmlStringConverter.m in Sources */ = {isa = PBXBuildFile; fileRef = 265F738C12F21C1600DF9DF4 /* GDHtmlStringConverter.m */; };
		2678BF60132816E9003CF4C7 /* DBHelper.m in Sources */ = {isa = PBXBuildFile; fileRef = 2678BF5F132816E9003CF4C7 /* DBHelper.m */; };
		267AE029132E928E00C25A85 /* DataManagerTest.m in Sources */ = {isa = PBXBuildFile; fileRef = 267AE028132E928E00C25A85 /* DataManagerTest.m */; };
		267AE02A132E9B6000C25A85 /* DBHelper.m in Sources */ = {isa = PBXBuildFile; fileRef = 2678BF5F132816E9003CF4C7 /* DBHelper.m */; };
		268B1B201370834F00ADF75A /* DevMasterListViewController.m in Sources */ = {isa = PBXBuildFile; fileRef = 268B1B1F1370834F00ADF75A /* DevMasterListViewController.m */; };
		268B1B231370839400ADF75A /* DevMasterDataManager.m in Sources */ = {isa = PBXBuildFile; fileRef = 268B1B221370839400ADF75A /* DevMasterDataManager.m */; };
		268B1B241370839400ADF75A /* DevMasterDataManager.m in Sources */ = {isa = PBXBuildFile; fileRef = 268B1B221370839400ADF75A /* DevMasterDataManager.m */; };
		2691275C13786BDD003E0891 /* GameDevArchivePostDetailsController.m in Sources */ = {isa = PBXBuildFile; fileRef = 2691275B13786BDD003E0891 /* GameDevArchivePostDetailsController.m */; };
		2691276013786C88003E0891 /* GameDevArchiveListViewController.m in Sources */ = {isa = PBXBuildFile; fileRef = 2691275F13786C88003E0891 /* GameDevArchiveListViewController.m */; };
		2691276313786D27003E0891 /* DevMasterPostDetailsController.m in Sources */ = {isa = PBXBuildFile; fileRef = 2691276213786D27003E0891 /* DevMasterPostDetailsController.m */; };
		2691276C137877FC003E0891 /* devmaster_post_page2.html in Resources */ = {isa = PBXBuildFile; fileRef = 2691276B137877FC003E0891 /* devmaster_post_page2.html */; };
		269AA4051367425F00C7618E /* GameDevArchiveDataManager.m in Sources */ = {isa = PBXBuildFile; fileRef = 269AA4041367425F00C7618E /* GameDevArchiveDataManager.m */; };
		269AA4061367425F00C7618E /* GameDevArchiveDataManager.m in Sources */ = {isa = PBXBuildFile; fileRef = 269AA4041367425F00C7618E /* GameDevArchiveDataManager.m */; };
		269AA40913674C5300C7618E /* DevMasterHtmlConverter.m in Sources */ = {isa = PBXBuildFile; fileRef = 269AA40813674C5200C7618E /* DevMasterHtmlConverter.m */; };
		269AA40A13674C5300C7618E /* DevMasterHtmlConverter.m in Sources */ = {isa = PBXBuildFile; fileRef = 269AA40813674C5200C7618E /* DevMasterHtmlConverter.m */; };
		269AA40D13674EDD00C7618E /* DevMasterHtmlConverterTest.m in Sources */ = {isa = PBXBuildFile; fileRef = 269AA40C13674EDD00C7618E /* DevMasterHtmlConverterTest.m */; };
		269AA40F1367557000C7618E /* sample_devmaster_main.html in Resources */ = {isa = PBXBuildFile; fileRef = 269AA40E1367556F00C7618E /* sample_devmaster_main.html */; };
		269AA41113675B0000C7618E /* devmaster_post.html in Resources */ = {isa = PBXBuildFile; fileRef = 269AA41013675B0000C7618E /* devmaster_post.html */; };
		269AA4131368822100C7618E /* devmaster_post_page.html in Resources */ = {isa = PBXBuildFile; fileRef = 269AA4121368822100C7618E /* devmaster_post_page.html */; };
		269D55A513302C6000156F5E /* PostDetailsController.m in Sources */ = {isa = PBXBuildFile; fileRef = 269D55A313302C5C00156F5E /* PostDetailsController.m */; };
		269D55A613302C6000156F5E /* PostDetailsController.xib in Resources */ = {isa = PBXBuildFile; fileRef = 269D55A413302C5C00156F5E /* PostDetailsController.xib */; };
		26AF997B131ED4810096C002 /* GDNet_ImageOfTheDay.xcdatamodeld in Sources */ = {isa = PBXBuildFile; fileRef = 2819305F112F816700ECF9B4 /* GDNet_ImageOfTheDay.xcdatamodeld */; };
		26AF99F1131EF10B0096C002 /* Utilities.m in Sources */ = {isa = PBXBuildFile; fileRef = 26AF99F0131EF10B0096C002 /* Utilities.m */; };
		26AF99F2131EF10B0096C002 /* Utilities.m in Sources */ = {isa = PBXBuildFile; fileRef = 26AF99F0131EF10B0096C002 /* Utilities.m */; };
		26AF9A02131EF4990096C002 /* UtilitiesTest.m in Sources */ = {isa = PBXBuildFile; fileRef = 26AF9A01131EF4990096C002 /* UtilitiesTest.m */; };
		26AF9B6C131F071E0096C002 /* CoreData.framework in Frameworks */ = {isa = PBXBuildFile; fileRef = 28D801B30F44B63D00FB423F /* CoreData.framework */; };
		26BE1CD61324306B00596340 /* EGORefreshTableHeaderView.m in Sources */ = {isa = PBXBuildFile; fileRef = 26BE1CD51324306B00596340 /* EGORefreshTableHeaderView.m */; };
		26BE1CE01324314A00596340 /* blackArrow.png in Resources */ = {isa = PBXBuildFile; fileRef = 26BE1CD81324314A00596340 /* blackArrow.png */; };
		26BE1CE11324314A00596340 /* blackArrow@2x.png in Resources */ = {isa = PBXBuildFile; fileRef = 26BE1CD91324314A00596340 /* blackArrow@2x.png */; };
		26BE1CE21324314A00596340 /* blueArrow.png in Resources */ = {isa = PBXBuildFile; fileRef = 26BE1CDA1324314A00596340 /* blueArrow.png */; };
		26BE1CE31324314A00596340 /* blueArrow@2x.png in Resources */ = {isa = PBXBuildFile; fileRef = 26BE1CDB1324314A00596340 /* blueArrow@2x.png */; };
		26BE1CE41324314A00596340 /* grayArrow.png in Resources */ = {isa = PBXBuildFile; fileRef = 26BE1CDC1324314A00596340 /* grayArrow.png */; };
		26BE1CE51324314A00596340 /* grayArrow@2x.png in Resources */ = {isa = PBXBuildFile; fileRef = 26BE1CDD1324314A00596340 /* grayArrow@2x.png */; };
		26BE1CE61324314A00596340 /* whiteArrow.png in Resources */ = {isa = PBXBuildFile; fileRef = 26BE1CDE1324314A00596340 /* whiteArrow.png */; };
		26BE1CE71324314A00596340 /* whiteArrow@2x.png in Resources */ = {isa = PBXBuildFile; fileRef = 26BE1CDF1324314A00596340 /* whiteArrow@2x.png */; };
		26BE1CE91324335200596340 /* QuartzCore.framework in Frameworks */ = {isa = PBXBuildFile; fileRef = 26BE1CE81324335200596340 /* QuartzCore.framework */; };
		26DEDD4312F0B77E003BBAEC /* ImagesListViewController.m in Sources */ = {isa = PBXBuildFile; fileRef = 26DEDD4112F0B77E003BBAEC /* ImagesListViewController.m */; };
		26DEDD4412F0B77E003BBAEC /* ImagesListViewController.xib in Resources */ = {isa = PBXBuildFile; fileRef = 26DEDD4212F0B77E003BBAEC /* ImagesListViewController.xib */; };
		26DEDDC512F0BFF2003BBAEC /* SettingsViewController.m in Sources */ = {isa = PBXBuildFile; fileRef = 26DEDDC312F0BFF2003BBAEC /* SettingsViewController.m */; };
		26DEDDC612F0BFF2003BBAEC /* SettingsViewController.xib in Resources */ = {isa = PBXBuildFile; fileRef = 26DEDDC412F0BFF2003BBAEC /* SettingsViewController.xib */; };
		26E81A781321A45900FD3D52 /* TableViewCell.m in Sources */ = {isa = PBXBuildFile; fileRef = 26E81A771321A45900FD3D52 /* TableViewCell.m */; };
		26E81A9D1321A66C00FD3D52 /* TableViewCell.xib in Resources */ = {isa = PBXBuildFile; fileRef = 26E81A9C1321A66C00FD3D52 /* TableViewCell.xib */; };
		26FBA5931354EB6300B919A6 /* EGORefreshTableFooterView.m in Sources */ = {isa = PBXBuildFile; fileRef = 26FBA5921354EB6300B919A6 /* EGORefreshTableFooterView.m */; };
		28193060112F816700ECF9B4 /* GDNet_ImageOfTheDay.xcdatamodeld in Sources */ = {isa = PBXBuildFile; fileRef = 2819305F112F816700ECF9B4 /* GDNet_ImageOfTheDay.xcdatamodeld */; };
		288765A50DF7441C002DB57D /* CoreGraphics.framework in Frameworks */ = {isa = PBXBuildFile; fileRef = 288765A40DF7441C002DB57D /* CoreGraphics.framework */; };
		28AD733F0D9D9553002E5188 /* MainWindow.xib in Resources */ = {isa = PBXBuildFile; fileRef = 28AD733E0D9D9553002E5188 /* MainWindow.xib */; };
		28D801B40F44B63D00FB423F /* CoreData.framework in Frameworks */ = {isa = PBXBuildFile; fileRef = 28D801B30F44B63D00FB423F /* CoreData.framework */; };
/* End PBXBuildFile section */

/* Begin PBXFileReference section */
		1D30AB110D05D00D00671497 /* Foundation.framework */ = {isa = PBXFileReference; lastKnownFileType = wrapper.framework; name = Foundation.framework; path = System/Library/Frameworks/Foundation.framework; sourceTree = SDKROOT; };
		1D3623240D0F684500981E51 /* GDNet_ImageOfTheDayAppDelegate.h */ = {isa = PBXFileReference; fileEncoding = 4; lastKnownFileType = sourcecode.c.h; path = GDNet_ImageOfTheDayAppDelegate.h; sourceTree = "<group>"; };
		1D3623250D0F684500981E51 /* GDNet_ImageOfTheDayAppDelegate.m */ = {isa = PBXFileReference; fileEncoding = 4; lastKnownFileType = sourcecode.c.objc; path = GDNet_ImageOfTheDayAppDelegate.m; sourceTree = "<group>"; };
		1D6058910D05DD3D006BFB54 /* GDNet_ImageOfTheDay.app */ = {isa = PBXFileReference; explicitFileType = wrapper.application; includeInIndex = 0; path = GDNet_ImageOfTheDay.app; sourceTree = BUILT_PRODUCTS_DIR; };
		1DF5F4DF0D08C38300B7A737 /* UIKit.framework */ = {isa = PBXFileReference; lastKnownFileType = wrapper.framework; name = UIKit.framework; path = System/Library/Frameworks/UIKit.framework; sourceTree = SDKROOT; };
		2610556F134E389300513008 /* FavoritesListViewController.h */ = {isa = PBXFileReference; fileEncoding = 4; lastKnownFileType = sourcecode.c.h; path = FavoritesListViewController.h; sourceTree = "<group>"; };
		26105570134E389300513008 /* FavoritesListViewController.m */ = {isa = PBXFileReference; fileEncoding = 4; lastKnownFileType = sourcecode.c.objc; path = FavoritesListViewController.m; sourceTree = "<group>"; };
		26105572134E477D00513008 /* FavoritesDataManager.h */ = {isa = PBXFileReference; fileEncoding = 4; lastKnownFileType = sourcecode.c.h; path = FavoritesDataManager.h; sourceTree = "<group>"; };
		26105573134E477D00513008 /* FavoritesDataManager.m */ = {isa = PBXFileReference; fileEncoding = 4; lastKnownFileType = sourcecode.c.objc; path = FavoritesDataManager.m; sourceTree = "<group>"; };
		26105576134E4EB500513008 /* FavoritePostDetailsController.h */ = {isa = PBXFileReference; fileEncoding = 4; lastKnownFileType = sourcecode.c.h; path = FavoritePostDetailsController.h; sourceTree = "<group>"; };
		26105577134E4EB500513008 /* FavoritePostDetailsController.m */ = {isa = PBXFileReference; fileEncoding = 4; lastKnownFileType = sourcecode.c.objc; path = FavoritePostDetailsController.m; sourceTree = "<group>"; };
		262637DE1336463900366FB2 /* WebView.h */ = {isa = PBXFileReference; fileEncoding = 4; lastKnownFileType = sourcecode.c.h; path = WebView.h; sourceTree = "<group>"; };
		262637DF1336463A00366FB2 /* WebView.m */ = {isa = PBXFileReference; fileEncoding = 4; lastKnownFileType = sourcecode.c.objc; path = WebView.m; sourceTree = "<group>"; };
		262B64DD1336AC7D0086EB20 /* sample_archive_post.html */ = {isa = PBXFileReference; fileEncoding = 4; lastKnownFileType = text.html; name = sample_archive_post.html; path = Tests/data/sample_archive_post.html; sourceTree = "<group>"; };
		262B64E11336C5DA0086EB20 /* zbyhoo.png */ = {isa = PBXFileReference; lastKnownFileType = image.png; path = zbyhoo.png; sourceTree = "<group>"; };
		262B64E31336C5ED0086EB20 /* zbyhoo_test.png */ = {isa = PBXFileReference; lastKnownFileType = image.png; path = zbyhoo_test.png; sourceTree = "<group>"; };
		262CB9101379AB7B0051E090 /* devmaster_logo.png */ = {isa = PBXFileReference; lastKnownFileType = image.png; path = devmaster_logo.png; sourceTree = "<group>"; };
		262CB9111379AB7B0051E090 /* gamedev_logo.png */ = {isa = PBXFileReference; lastKnownFileType = image.png; path = gamedev_logo.png; sourceTree = "<group>"; };
		262CB9141379CA180051E090 /* AboutViewController.h */ = {isa = PBXFileReference; fileEncoding = 4; lastKnownFileType = sourcecode.c.h; path = AboutViewController.h; sourceTree = "<group>"; };
		262CB9151379CA180051E090 /* AboutViewController.m */ = {isa = PBXFileReference; fileEncoding = 4; lastKnownFileType = sourcecode.c.objc; path = AboutViewController.m; sourceTree = "<group>"; };
		262CB9161379CA180051E090 /* AboutViewController.xib */ = {isa = PBXFileReference; fileEncoding = 4; lastKnownFileType = file.xib; name = AboutViewController.xib; path = Classes/AboutViewController.xib; sourceTree = "<group>"; };
		262CB91B1379D09F0051E090 /* 09-chat-2.png */ = {isa = PBXFileReference; lastKnownFileType = image.png; path = "09-chat-2.png"; sourceTree = "<group>"; };
		263E1FDE1309810000775E2B /* GHUnitIOS.framework */ = {isa = PBXFileReference; lastKnownFileType = wrapper.framework; path = GHUnitIOS.framework; sourceTree = "<group>"; };
		2647D7B2133AA22100540BFB /* ZoomedImageViewController.h */ = {isa = PBXFileReference; fileEncoding = 4; lastKnownFileType = sourcecode.c.h; path = ZoomedImageViewController.h; sourceTree = "<group>"; };
		2647D7B3133AA22100540BFB /* ZoomedImageViewController.m */ = {isa = PBXFileReference; fileEncoding = 4; lastKnownFileType = sourcecode.c.objc; path = ZoomedImageViewController.m; sourceTree = "<group>"; };
		2647D7B4133AA22100540BFB /* ZoomedImageViewController.xib */ = {isa = PBXFileReference; fileEncoding = 4; lastKnownFileType = file.xib; name = ZoomedImageViewController.xib; path = Classes/ZoomedImageViewController.xib; sourceTree = "<group>"; };
		2647D7B7133AA6C300540BFB /* ImageButton.h */ = {isa = PBXFileReference; fileEncoding = 4; lastKnownFileType = sourcecode.c.h; path = ImageButton.h; sourceTree = "<group>"; };
		2647D7B8133AA6C300540BFB /* ImageButton.m */ = {isa = PBXFileReference; fileEncoding = 4; lastKnownFileType = sourcecode.c.objc; path = ImageButton.m; sourceTree = "<group>"; };
		2648CF131301C1F2006941E9 /* Constants.h */ = {isa = PBXFileReference; fileEncoding = 4; lastKnownFileType = sourcecode.c.h; path = Constants.h; sourceTree = "<group>"; };
		2648CFE91301EF49006941E9 /* Constants.m */ = {isa = PBXFileReference; fileEncoding = 4; lastKnownFileType = sourcecode.c.objc; path = Constants.m; sourceTree = "<group>"; };
		2648D0501301F8FB006941E9 /* Tests.app */ = {isa = PBXFileReference; explicitFileType = wrapper.application; includeInIndex = 0; path = Tests.app; sourceTree = BUILT_PRODUCTS_DIR; };
		2648D0521301F8FB006941E9 /* Tests-Info.plist */ = {isa = PBXFileReference; lastKnownFileType = text.plist.xml; path = "Tests-Info.plist"; sourceTree = "<group>"; };
		2648D0681301FA5A006941E9 /* GHUnitIOSTestMain.m */ = {isa = PBXFileReference; fileEncoding = 4; lastKnownFileType = sourcecode.c.objc; name = GHUnitIOSTestMain.m; path = Tests/GHUnitIOSTestMain.m; sourceTree = "<group>"; };
		2648D0BA1301FED8006941E9 /* GDHtmlStringConverterTest.m */ = {isa = PBXFileReference; fileEncoding = 4; lastKnownFileType = sourcecode.c.objc; name = GDHtmlStringConverterTest.m; path = Tests/GDHtmlStringConverterTest.m; sourceTree = "<group>"; };
		264A604F1332B63900037CEA /* GDPicture.h */ = {isa = PBXFileReference; fileEncoding = 4; lastKnownFileType = sourcecode.c.h; path = GDPicture.h; sourceTree = "<group>"; };
		264A60501332B63900037CEA /* GDPicture.m */ = {isa = PBXFileReference; fileEncoding = 4; lastKnownFileType = sourcecode.c.objc; path = GDPicture.m; sourceTree = "<group>"; };
		264A60531332B63A00037CEA /* GDImagePost.h */ = {isa = PBXFileReference; fileEncoding = 4; lastKnownFileType = sourcecode.c.h; path = GDImagePost.h; sourceTree = "<group>"; };
		264A60541332B63A00037CEA /* GDImagePost.m */ = {isa = PBXFileReference; fileEncoding = 4; lastKnownFileType = sourcecode.c.objc; path = GDImagePost.m; sourceTree = "<group>"; };
		264A605A1332CE8800037CEA /* DBHelperTest.m */ = {isa = PBXFileReference; fileEncoding = 4; lastKnownFileType = sourcecode.c.objc; name = DBHelperTest.m; path = Tests/DBHelperTest.m; sourceTree = "<group>"; };
		264F31AF130C69DF00BEB7C7 /* GDArchiveHtmlStringConverter.h */ = {isa = PBXFileReference; fileEncoding = 4; lastKnownFileType = sourcecode.c.h; path = GDArchiveHtmlStringConverter.h; sourceTree = "<group>"; };
		264F31B0130C69DF00BEB7C7 /* GDArchiveHtmlStringConverter.m */ = {isa = PBXFileReference; fileEncoding = 4; lastKnownFileType = sourcecode.c.objc; path = GDArchiveHtmlStringConverter.m; sourceTree = "<group>"; };
		264F31C1130C6D8300BEB7C7 /* sample_archive_main_page.html */ = {isa = PBXFileReference; fileEncoding = 4; lastKnownFileType = text.html; name = sample_archive_main_page.html; path = Tests/data/sample_archive_main_page.html; sourceTree = "<group>"; };
		264F31C3130C6DB500BEB7C7 /* GDArchiveHtmlStringConverterTest.m */ = {isa = PBXFileReference; fileEncoding = 4; lastKnownFileType = sourcecode.c.objc; name = GDArchiveHtmlStringConverterTest.m; path = Tests/GDArchiveHtmlStringConverterTest.m; sourceTree = "<group>"; };
		26577F4E133C0B9800CBDA3C /* 20-gear2.png */ = {isa = PBXFileReference; lastKnownFileType = image.png; path = "20-gear2.png"; sourceTree = "<group>"; };
		26577F50133C0BC700CBDA3C /* 28-star.png */ = {isa = PBXFileReference; lastKnownFileType = image.png; path = "28-star.png"; sourceTree = "<group>"; };
		26595207138AE1EC0092085A /* face_logo.png */ = {isa = PBXFileReference; lastKnownFileType = image.png; path = face_logo.png; sourceTree = "<group>"; };
		2659520E138AFE850092085A /* iotd.png */ = {isa = PBXFileReference; lastKnownFileType = image.png; path = iotd.png; sourceTree = "<group>"; };
		26595212138AFF5C0092085A /* Default.png */ = {isa = PBXFileReference; lastKnownFileType = image.png; path = Default.png; sourceTree = "<group>"; };
		265A6DA2130483AA00FDED1F /* SimpleLogger.h */ = {isa = PBXFileReference; fileEncoding = 4; lastKnownFileType = sourcecode.c.h; path = SimpleLogger.h; sourceTree = "<group>"; };
		265A6DA3130483AA00FDED1F /* SimpleLogger.m */ = {isa = PBXFileReference; fileEncoding = 4; lastKnownFileType = sourcecode.c.objc; path = SimpleLogger.m; sourceTree = "<group>"; };
		265A6E7B1304A51D00FDED1F /* Tests_Prefix.pch */ = {isa = PBXFileReference; fileEncoding = 4; lastKnownFileType = sourcecode.c.h; path = Tests_Prefix.pch; sourceTree = "<group>"; };
		265F738312F21B8200DF9DF4 /* DataManager.h */ = {isa = PBXFileReference; fileEncoding = 4; lastKnownFileType = sourcecode.c.h; path = DataManager.h; sourceTree = "<group>"; };
		265F738412F21B8200DF9DF4 /* DataManager.m */ = {isa = PBXFileReference; fileEncoding = 4; lastKnownFileType = sourcecode.c.objc; path = DataManager.m; sourceTree = "<group>"; };
		265F738A12F21BFD00DF9DF4 /* GDDataConverter.h */ = {isa = PBXFileReference; fileEncoding = 4; lastKnownFileType = sourcecode.c.h; path = GDDataConverter.h; sourceTree = "<group>"; };
		265F738B12F21C1600DF9DF4 /* GDHtmlStringConverter.h */ = {isa = PBXFileReference; fileEncoding = 4; lastKnownFileType = sourcecode.c.h; path = GDHtmlStringConverter.h; sourceTree = "<group>"; };
		265F738C12F21C1600DF9DF4 /* GDHtmlStringConverter.m */ = {isa = PBXFileReference; fileEncoding = 4; lastKnownFileType = sourcecode.c.objc; path = GDHtmlStringConverter.m; sourceTree = "<group>"; };
		2678BF5E132816E9003CF4C7 /* DBHelper.h */ = {isa = PBXFileReference; fileEncoding = 4; lastKnownFileType = sourcecode.c.h; path = DBHelper.h; sourceTree = "<group>"; };
		2678BF5F132816E9003CF4C7 /* DBHelper.m */ = {isa = PBXFileReference; fileEncoding = 4; lastKnownFileType = sourcecode.c.objc; path = DBHelper.m; sourceTree = "<group>"; };
		267AE028132E928E00C25A85 /* DataManagerTest.m */ = {isa = PBXFileReference; fileEncoding = 4; lastKnownFileType = sourcecode.c.objc; name = DataManagerTest.m; path = Tests/DataManagerTest.m; sourceTree = "<group>"; };
		268B1B1E1370834F00ADF75A /* DevMasterListViewController.h */ = {isa = PBXFileReference; fileEncoding = 4; lastKnownFileType = sourcecode.c.h; path = DevMasterListViewController.h; sourceTree = "<group>"; };
		268B1B1F1370834F00ADF75A /* DevMasterListViewController.m */ = {isa = PBXFileReference; fileEncoding = 4; lastKnownFileType = sourcecode.c.objc; path = DevMasterListViewController.m; sourceTree = "<group>"; };
		268B1B211370839400ADF75A /* DevMasterDataManager.h */ = {isa = PBXFileReference; fileEncoding = 4; lastKnownFileType = sourcecode.c.h; path = DevMasterDataManager.h; sourceTree = "<group>"; };
		268B1B221370839400ADF75A /* DevMasterDataManager.m */ = {isa = PBXFileReference; fileEncoding = 4; lastKnownFileType = sourcecode.c.objc; path = DevMasterDataManager.m; sourceTree = "<group>"; };
		2691275A13786BDD003E0891 /* GameDevArchivePostDetailsController.h */ = {isa = PBXFileReference; fileEncoding = 4; lastKnownFileType = sourcecode.c.h; path = GameDevArchivePostDetailsController.h; sourceTree = "<group>"; };
		2691275B13786BDD003E0891 /* GameDevArchivePostDetailsController.m */ = {isa = PBXFileReference; fileEncoding = 4; lastKnownFileType = sourcecode.c.objc; path = GameDevArchivePostDetailsController.m; sourceTree = "<group>"; };
		2691275E13786C88003E0891 /* GameDevArchiveListViewController.h */ = {isa = PBXFileReference; fileEncoding = 4; lastKnownFileType = sourcecode.c.h; path = GameDevArchiveListViewController.h; sourceTree = "<group>"; };
		2691275F13786C88003E0891 /* GameDevArchiveListViewController.m */ = {isa = PBXFileReference; fileEncoding = 4; lastKnownFileType = sourcecode.c.objc; path = GameDevArchiveListViewController.m; sourceTree = "<group>"; };
		2691276113786D27003E0891 /* DevMasterPostDetailsController.h */ = {isa = PBXFileReference; fileEncoding = 4; lastKnownFileType = sourcecode.c.h; path = DevMasterPostDetailsController.h; sourceTree = "<group>"; };
		2691276213786D27003E0891 /* DevMasterPostDetailsController.m */ = {isa = PBXFileReference; fileEncoding = 4; lastKnownFileType = sourcecode.c.objc; path = DevMasterPostDetailsController.m; sourceTree = "<group>"; };
		2691276B137877FC003E0891 /* devmaster_post_page2.html */ = {isa = PBXFileReference; fileEncoding = 4; lastKnownFileType = text.html; name = devmaster_post_page2.html; path = Tests/data/devmaster_post_page2.html; sourceTree = "<group>"; };
		269AA4031367425F00C7618E /* GameDevArchiveDataManager.h */ = {isa = PBXFileReference; fileEncoding = 4; lastKnownFileType = sourcecode.c.h; path = GameDevArchiveDataManager.h; sourceTree = "<group>"; };
		269AA4041367425F00C7618E /* GameDevArchiveDataManager.m */ = {isa = PBXFileReference; fileEncoding = 4; lastKnownFileType = sourcecode.c.objc; path = GameDevArchiveDataManager.m; sourceTree = "<group>"; };
		269AA40713674C5200C7618E /* DevMasterHtmlConverter.h */ = {isa = PBXFileReference; fileEncoding = 4; lastKnownFileType = sourcecode.c.h; path = DevMasterHtmlConverter.h; sourceTree = "<group>"; };
		269AA40813674C5200C7618E /* DevMasterHtmlConverter.m */ = {isa = PBXFileReference; fileEncoding = 4; lastKnownFileType = sourcecode.c.objc; path = DevMasterHtmlConverter.m; sourceTree = "<group>"; };
		269AA40C13674EDD00C7618E /* DevMasterHtmlConverterTest.m */ = {isa = PBXFileReference; fileEncoding = 4; lastKnownFileType = sourcecode.c.objc; path = DevMasterHtmlConverterTest.m; sourceTree = "<group>"; };
		269AA40E1367556F00C7618E /* sample_devmaster_main.html */ = {isa = PBXFileReference; fileEncoding = 4; lastKnownFileType = text.html; name = sample_devmaster_main.html; path = Tests/data/sample_devmaster_main.html; sourceTree = "<group>"; };
		269AA41013675B0000C7618E /* devmaster_post.html */ = {isa = PBXFileReference; fileEncoding = 4; lastKnownFileType = text.html; name = devmaster_post.html; path = Tests/data/devmaster_post.html; sourceTree = "<group>"; };
		269AA4121368822100C7618E /* devmaster_post_page.html */ = {isa = PBXFileReference; fileEncoding = 4; lastKnownFileType = text.html; name = devmaster_post_page.html; path = Tests/data/devmaster_post_page.html; sourceTree = "<group>"; };
		269D55A213302C5B00156F5E /* PostDetailsController.h */ = {isa = PBXFileReference; fileEncoding = 4; lastKnownFileType = sourcecode.c.h; path = PostDetailsController.h; sourceTree = "<group>"; };
		269D55A313302C5C00156F5E /* PostDetailsController.m */ = {isa = PBXFileReference; fileEncoding = 4; lastKnownFileType = sourcecode.c.objc; path = PostDetailsController.m; sourceTree = "<group>"; };
		269D55A413302C5C00156F5E /* PostDetailsController.xib */ = {isa = PBXFileReference; fileEncoding = 4; lastKnownFileType = file.xib; name = PostDetailsController.xib; path = Classes/PostDetailsController.xib; sourceTree = "<group>"; };
		26AF99EF131EF10B0096C002 /* Utilities.h */ = {isa = PBXFileReference; fileEncoding = 4; lastKnownFileType = sourcecode.c.h; path = Utilities.h; sourceTree = "<group>"; };
		26AF99F0131EF10B0096C002 /* Utilities.m */ = {isa = PBXFileReference; fileEncoding = 4; lastKnownFileType = sourcecode.c.objc; path = Utilities.m; sourceTree = "<group>"; };
		26AF9A01131EF4990096C002 /* UtilitiesTest.m */ = {isa = PBXFileReference; fileEncoding = 4; lastKnownFileType = sourcecode.c.objc; name = UtilitiesTest.m; path = Tests/UtilitiesTest.m; sourceTree = "<group>"; };
		26BE1CD41324306B00596340 /* EGORefreshTableHeaderView.h */ = {isa = PBXFileReference; fileEncoding = 4; lastKnownFileType = sourcecode.c.h; path = EGORefreshTableHeaderView.h; sourceTree = "<group>"; };
		26BE1CD51324306B00596340 /* EGORefreshTableHeaderView.m */ = {isa = PBXFileReference; fileEncoding = 4; lastKnownFileType = sourcecode.c.objc; path = EGORefreshTableHeaderView.m; sourceTree = "<group>"; };
		26BE1CD81324314A00596340 /* blackArrow.png */ = {isa = PBXFileReference; lastKnownFileType = image.png; path = blackArrow.png; sourceTree = "<group>"; };
		26BE1CD91324314A00596340 /* blackArrow@2x.png */ = {isa = PBXFileReference; lastKnownFileType = image.png; path = "blackArrow@2x.png"; sourceTree = "<group>"; };
		26BE1CDA1324314A00596340 /* blueArrow.png */ = {isa = PBXFileReference; lastKnownFileType = image.png; path = blueArrow.png; sourceTree = "<group>"; };
		26BE1CDB1324314A00596340 /* blueArrow@2x.png */ = {isa = PBXFileReference; lastKnownFileType = image.png; path = "blueArrow@2x.png"; sourceTree = "<group>"; };
		26BE1CDC1324314A00596340 /* grayArrow.png */ = {isa = PBXFileReference; lastKnownFileType = image.png; path = grayArrow.png; sourceTree = "<group>"; };
		26BE1CDD1324314A00596340 /* grayArrow@2x.png */ = {isa = PBXFileReference; lastKnownFileType = image.png; path = "grayArrow@2x.png"; sourceTree = "<group>"; };
		26BE1CDE1324314A00596340 /* whiteArrow.png */ = {isa = PBXFileReference; lastKnownFileType = image.png; path = whiteArrow.png; sourceTree = "<group>"; };
		26BE1CDF1324314A00596340 /* whiteArrow@2x.png */ = {isa = PBXFileReference; lastKnownFileType = image.png; path = "whiteArrow@2x.png"; sourceTree = "<group>"; };
		26BE1CE81324335200596340 /* QuartzCore.framework */ = {isa = PBXFileReference; lastKnownFileType = wrapper.framework; name = QuartzCore.framework; path = System/Library/Frameworks/QuartzCore.framework; sourceTree = SDKROOT; };
		26DEDD4012F0B77E003BBAEC /* ImagesListViewController.h */ = {isa = PBXFileReference; fileEncoding = 4; lastKnownFileType = sourcecode.c.h; path = ImagesListViewController.h; sourceTree = "<group>"; };
		26DEDD4112F0B77E003BBAEC /* ImagesListViewController.m */ = {isa = PBXFileReference; fileEncoding = 4; lastKnownFileType = sourcecode.c.objc; path = ImagesListViewController.m; sourceTree = "<group>"; };
		26DEDD4212F0B77E003BBAEC /* ImagesListViewController.xib */ = {isa = PBXFileReference; lastKnownFileType = file.xib; name = ImagesListViewController.xib; path = Classes/ImagesListViewController.xib; sourceTree = "<group>"; };
		26DEDDC212F0BFF2003BBAEC /* SettingsViewController.h */ = {isa = PBXFileReference; fileEncoding = 4; lastKnownFileType = sourcecode.c.h; path = SettingsViewController.h; sourceTree = "<group>"; };
		26DEDDC312F0BFF2003BBAEC /* SettingsViewController.m */ = {isa = PBXFileReference; fileEncoding = 4; lastKnownFileType = sourcecode.c.objc; path = SettingsViewController.m; sourceTree = "<group>"; };
		26DEDDC412F0BFF2003BBAEC /* SettingsViewController.xib */ = {isa = PBXFileReference; lastKnownFileType = file.xib; name = SettingsViewController.xib; path = Classes/SettingsViewController.xib; sourceTree = "<group>"; };
		26E81A761321A45900FD3D52 /* TableViewCell.h */ = {isa = PBXFileReference; fileEncoding = 4; lastKnownFileType = sourcecode.c.h; path = TableViewCell.h; sourceTree = "<group>"; };
		26E81A771321A45900FD3D52 /* TableViewCell.m */ = {isa = PBXFileReference; fileEncoding = 4; lastKnownFileType = sourcecode.c.objc; path = TableViewCell.m; sourceTree = "<group>"; };
		26E81A9C1321A66C00FD3D52 /* TableViewCell.xib */ = {isa = PBXFileReference; lastKnownFileType = file.xib; path = TableViewCell.xib; sourceTree = "<group>"; };
		26FBA5911354EB3E00B919A6 /* EGORefreshTableFooterView.h */ = {isa = PBXFileReference; fileEncoding = 4; lastKnownFileType = sourcecode.c.h; path = EGORefreshTableFooterView.h; sourceTree = "<group>"; };
		26FBA5921354EB6300B919A6 /* EGORefreshTableFooterView.m */ = {isa = PBXFileReference; fileEncoding = 4; lastKnownFileType = sourcecode.c.objc; path = EGORefreshTableFooterView.m; sourceTree = "<group>"; };
		288765A40DF7441C002DB57D /* CoreGraphics.framework */ = {isa = PBXFileReference; lastKnownFileType = wrapper.framework; name = CoreGraphics.framework; path = System/Library/Frameworks/CoreGraphics.framework; sourceTree = SDKROOT; };
		28AD733E0D9D9553002E5188 /* MainWindow.xib */ = {isa = PBXFileReference; lastKnownFileType = file.xib; path = MainWindow.xib; sourceTree = "<group>"; };
		28C3AD890F43EF2300507BA6 /* GDNet_ImageOfTheDay.xcdatamodel */ = {isa = PBXFileReference; fileEncoding = 4; lastKnownFileType = wrapper.xcdatamodel; path = GDNet_ImageOfTheDay.xcdatamodel; sourceTree = "<group>"; };
		28D801B30F44B63D00FB423F /* CoreData.framework */ = {isa = PBXFileReference; lastKnownFileType = wrapper.framework; name = CoreData.framework; path = System/Library/Frameworks/CoreData.framework; sourceTree = SDKROOT; };
		29B97316FDCFA39411CA2CEA /* main.m */ = {isa = PBXFileReference; fileEncoding = 4; lastKnownFileType = sourcecode.c.objc; path = main.m; sourceTree = "<group>"; };
		32CA4F630368D1EE00C91783 /* GDNet_ImageOfTheDay_Prefix.pch */ = {isa = PBXFileReference; fileEncoding = 4; lastKnownFileType = sourcecode.c.h; path = GDNet_ImageOfTheDay_Prefix.pch; sourceTree = "<group>"; };
		8D1107310486CEB800E47090 /* GDNet_ImageOfTheDay-Info.plist */ = {isa = PBXFileReference; fileEncoding = 4; lastKnownFileType = text.plist.xml; path = "GDNet_ImageOfTheDay-Info.plist"; plistStructureDefinitionIdentifier = "com.apple.xcode.plist.structure-definition.iphone.info-plist"; sourceTree = "<group>"; };
/* End PBXFileReference section */

/* Begin PBXFrameworksBuildPhase section */
		1D60588F0D05DD3D006BFB54 /* Frameworks */ = {
			isa = PBXFrameworksBuildPhase;
			buildActionMask = 2147483647;
			files = (
				26BE1CE91324335200596340 /* QuartzCore.framework in Frameworks */,
				1D60589F0D05DD5A006BFB54 /* Foundation.framework in Frameworks */,
				1DF5F4E00D08C38300B7A737 /* UIKit.framework in Frameworks */,
				288765A50DF7441C002DB57D /* CoreGraphics.framework in Frameworks */,
				28D801B40F44B63D00FB423F /* CoreData.framework in Frameworks */,
			);
			runOnlyForDeploymentPostprocessing = 0;
		};
		2648D04E1301F8FB006941E9 /* Frameworks */ = {
			isa = PBXFrameworksBuildPhase;
			buildActionMask = 2147483647;
			files = (
				2648D0901301FCA5006941E9 /* CoreGraphics.framework in Frameworks */,
				2648D0911301FCA5006941E9 /* Foundation.framework in Frameworks */,
				2648D0921301FCA5006941E9 /* UIKit.framework in Frameworks */,
				263E1FDF1309810000775E2B /* GHUnitIOS.framework in Frameworks */,
				26AF9B6C131F071E0096C002 /* CoreData.framework in Frameworks */,
			);
			runOnlyForDeploymentPostprocessing = 0;
		};
/* End PBXFrameworksBuildPhase section */

/* Begin PBXGroup section */
		080E96DDFE201D6D7F000001 /* Classes */ = {
			isa = PBXGroup;
			children = (
				265A6D961304822700FDED1F /* Log */,
				2648D0671301FA1F006941E9 /* Tests */,
				265F736712F212D100DF9DF4 /* Model */,
				26DEDD3212F0B47A003BBAEC /* View */,
				265F736612F212AF00DF9DF4 /* Controller */,
			);
			path = Classes;
			sourceTree = "<group>";
		};
		19C28FACFE9D520D11CA2CBB /* Products */ = {
			isa = PBXGroup;
			children = (
				1D6058910D05DD3D006BFB54 /* GDNet_ImageOfTheDay.app */,
				2648D0501301F8FB006941E9 /* Tests.app */,
			);
			name = Products;
			sourceTree = "<group>";
		};
		2648D0671301FA1F006941E9 /* Tests */ = {
			isa = PBXGroup;
			children = (
				264F317D130C5B0800BEB7C7 /* data */,
				264F31C3130C6DB500BEB7C7 /* GDArchiveHtmlStringConverterTest.m */,
				2648D0BA1301FED8006941E9 /* GDHtmlStringConverterTest.m */,
				2648D0681301FA5A006941E9 /* GHUnitIOSTestMain.m */,
				26AF9A01131EF4990096C002 /* UtilitiesTest.m */,
				267AE028132E928E00C25A85 /* DataManagerTest.m */,
				264A605A1332CE8800037CEA /* DBHelperTest.m */,
				269AA40C13674EDD00C7618E /* DevMasterHtmlConverterTest.m */,
			);
			name = Tests;
			sourceTree = "<group>";
		};
		264F317D130C5B0800BEB7C7 /* data */ = {
			isa = PBXGroup;
			children = (
				264F31C1130C6D8300BEB7C7 /* sample_archive_main_page.html */,
				262B64DD1336AC7D0086EB20 /* sample_archive_post.html */,
				269AA40E1367556F00C7618E /* sample_devmaster_main.html */,
				269AA41013675B0000C7618E /* devmaster_post.html */,
				269AA4121368822100C7618E /* devmaster_post_page.html */,
				2691276B137877FC003E0891 /* devmaster_post_page2.html */,
			);
			name = data;
			sourceTree = "<group>";
		};
		265A6D961304822700FDED1F /* Log */ = {
			isa = PBXGroup;
			children = (
				265A6DA2130483AA00FDED1F /* SimpleLogger.h */,
				265A6DA3130483AA00FDED1F /* SimpleLogger.m */,
			);
			name = Log;
			sourceTree = "<group>";
		};
		265F736612F212AF00DF9DF4 /* Controller */ = {
			isa = PBXGroup;
			children = (
				2691276913787105003E0891 /* GameDevArchive */,
				26912768137870E5003E0891 /* DevMaster */,
				2691276A1378712A003E0891 /* Favorites */,
				2648CF131301C1F2006941E9 /* Constants.h */,
				2648CFE91301EF49006941E9 /* Constants.m */,
				265F738312F21B8200DF9DF4 /* DataManager.h */,
				265F738412F21B8200DF9DF4 /* DataManager.m */,
				265F738A12F21BFD00DF9DF4 /* GDDataConverter.h */,
				265F738B12F21C1600DF9DF4 /* GDHtmlStringConverter.h */,
				265F738C12F21C1600DF9DF4 /* GDHtmlStringConverter.m */,
				26AF99EF131EF10B0096C002 /* Utilities.h */,
				26AF99F0131EF10B0096C002 /* Utilities.m */,
				2678BF5E132816E9003CF4C7 /* DBHelper.h */,
				2678BF5F132816E9003CF4C7 /* DBHelper.m */,
			);
			name = Controller;
			sourceTree = "<group>";
		};
		265F736712F212D100DF9DF4 /* Model */ = {
			isa = PBXGroup;
			children = (
				264A604F1332B63900037CEA /* GDPicture.h */,
				264A60531332B63A00037CEA /* GDImagePost.h */,
				264A60541332B63A00037CEA /* GDImagePost.m */,
				264A60501332B63900037CEA /* GDPicture.m */,
				2819305F112F816700ECF9B4 /* GDNet_ImageOfTheDay.xcdatamodeld */,
			);
			name = Model;
			sourceTree = "<group>";
		};
		2691276413786F31003E0891 /* GameDevArchive */ = {
			isa = PBXGroup;
			children = (
				2691275A13786BDD003E0891 /* GameDevArchivePostDetailsController.h */,
				2691275B13786BDD003E0891 /* GameDevArchivePostDetailsController.m */,
				2691275E13786C88003E0891 /* GameDevArchiveListViewController.h */,
				2691275F13786C88003E0891 /* GameDevArchiveListViewController.m */,
			);
			name = GameDevArchive;
			sourceTree = "<group>";
		};
		2691276513786F63003E0891 /* DevMaster */ = {
			isa = PBXGroup;
			children = (
				268B1B1E1370834F00ADF75A /* DevMasterListViewController.h */,
				268B1B1F1370834F00ADF75A /* DevMasterListViewController.m */,
				2691276113786D27003E0891 /* DevMasterPostDetailsController.h */,
				2691276213786D27003E0891 /* DevMasterPostDetailsController.m */,
			);
			name = DevMaster;
			sourceTree = "<group>";
		};
		2691276613786F84003E0891 /* RefreshFooterAndHeader */ = {
			isa = PBXGroup;
			children = (
				26FBA5911354EB3E00B919A6 /* EGORefreshTableFooterView.h */,
				26FBA5921354EB6300B919A6 /* EGORefreshTableFooterView.m */,
				26BE1CD41324306B00596340 /* EGORefreshTableHeaderView.h */,
				26BE1CD51324306B00596340 /* EGORefreshTableHeaderView.m */,
			);
			name = RefreshFooterAndHeader;
			sourceTree = "<group>";
		};
		2691276713786FB4003E0891 /* Favorites */ = {
			isa = PBXGroup;
			children = (
				2610556F134E389300513008 /* FavoritesListViewController.h */,
				26105570134E389300513008 /* FavoritesListViewController.m */,
				26105576134E4EB500513008 /* FavoritePostDetailsController.h */,
				26105577134E4EB500513008 /* FavoritePostDetailsController.m */,
			);
			name = Favorites;
			sourceTree = "<group>";
		};
		26912768137870E5003E0891 /* DevMaster */ = {
			isa = PBXGroup;
			children = (
				269AA40713674C5200C7618E /* DevMasterHtmlConverter.h */,
				269AA40813674C5200C7618E /* DevMasterHtmlConverter.m */,
				268B1B211370839400ADF75A /* DevMasterDataManager.h */,
				268B1B221370839400ADF75A /* DevMasterDataManager.m */,
			);
			name = DevMaster;
			sourceTree = "<group>";
		};
		2691276913787105003E0891 /* GameDevArchive */ = {
			isa = PBXGroup;
			children = (
				264F31AF130C69DF00BEB7C7 /* GDArchiveHtmlStringConverter.h */,
				264F31B0130C69DF00BEB7C7 /* GDArchiveHtmlStringConverter.m */,
				269AA4031367425F00C7618E /* GameDevArchiveDataManager.h */,
				269AA4041367425F00C7618E /* GameDevArchiveDataManager.m */,
			);
			name = GameDevArchive;
			sourceTree = "<group>";
		};
		2691276A1378712A003E0891 /* Favorites */ = {
			isa = PBXGroup;
			children = (
				26105572134E477D00513008 /* FavoritesDataManager.h */,
				26105573134E477D00513008 /* FavoritesDataManager.m */,
			);
			name = Favorites;
			sourceTree = "<group>";
		};
		26BE1CD71324310D00596340 /* Pictures */ = {
			isa = PBXGroup;
			children = (
				26BE1CD81324314A00596340 /* blackArrow.png */,
				26BE1CD91324314A00596340 /* blackArrow@2x.png */,
				26BE1CDA1324314A00596340 /* blueArrow.png */,
				26BE1CDB1324314A00596340 /* blueArrow@2x.png */,
				26BE1CDC1324314A00596340 /* grayArrow.png */,
				26BE1CDD1324314A00596340 /* grayArrow@2x.png */,
				26BE1CDE1324314A00596340 /* whiteArrow.png */,
				26BE1CDF1324314A00596340 /* whiteArrow@2x.png */,
			);
			name = Pictures;
			sourceTree = "<group>";
		};
		26DEDD3212F0B47A003BBAEC /* View */ = {
			isa = PBXGroup;
			children = (
				2691276413786F31003E0891 /* GameDevArchive */,
				2691276513786F63003E0891 /* DevMaster */,
				2691276613786F84003E0891 /* RefreshFooterAndHeader */,
				2691276713786FB4003E0891 /* Favorites */,
				1D3623240D0F684500981E51 /* GDNet_ImageOfTheDayAppDelegate.h */,
				1D3623250D0F684500981E51 /* GDNet_ImageOfTheDayAppDelegate.m */,
				26DEDD4012F0B77E003BBAEC /* ImagesListViewController.h */,
				26DEDD4112F0B77E003BBAEC /* ImagesListViewController.m */,
				26DEDDC212F0BFF2003BBAEC /* SettingsViewController.h */,
				26DEDDC312F0BFF2003BBAEC /* SettingsViewController.m */,
				26E81A761321A45900FD3D52 /* TableViewCell.h */,
				26E81A771321A45900FD3D52 /* TableViewCell.m */,
				269D55A213302C5B00156F5E /* PostDetailsController.h */,
				269D55A313302C5C00156F5E /* PostDetailsController.m */,
				262637DE1336463900366FB2 /* WebView.h */,
				262637DF1336463A00366FB2 /* WebView.m */,
				2647D7B2133AA22100540BFB /* ZoomedImageViewController.h */,
				2647D7B3133AA22100540BFB /* ZoomedImageViewController.m */,
				2647D7B7133AA6C300540BFB /* ImageButton.h */,
				2647D7B8133AA6C300540BFB /* ImageButton.m */,
				262CB9141379CA180051E090 /* AboutViewController.h */,
				262CB9151379CA180051E090 /* AboutViewController.m */,
			);
			name = View;
			sourceTree = "<group>";
		};
		29B97314FDCFA39411CA2CEA /* CustomTemplate */ = {
			isa = PBXGroup;
			children = (
				26595212138AFF5C0092085A /* Default.png */,
				26BE1CE81324335200596340 /* QuartzCore.framework */,
				080E96DDFE201D6D7F000001 /* Classes */,
				29B97315FDCFA39411CA2CEA /* Other Sources */,
				29B97317FDCFA39411CA2CEA /* Resources */,
				29B97323FDCFA39411CA2CEA /* Frameworks */,
				19C28FACFE9D520D11CA2CBB /* Products */,
			);
			name = CustomTemplate;
			sourceTree = "<group>";
		};
		29B97315FDCFA39411CA2CEA /* Other Sources */ = {
			isa = PBXGroup;
			children = (
				32CA4F630368D1EE00C91783 /* GDNet_ImageOfTheDay_Prefix.pch */,
				29B97316FDCFA39411CA2CEA /* main.m */,
				265A6E7B1304A51D00FDED1F /* Tests_Prefix.pch */,
			);
			name = "Other Sources";
			sourceTree = "<group>";
		};
		29B97317FDCFA39411CA2CEA /* Resources */ = {
			isa = PBXGroup;
			children = (
				2659520E138AFE850092085A /* iotd.png */,
				26595207138AE1EC0092085A /* face_logo.png */,
				262CB91B1379D09F0051E090 /* 09-chat-2.png */,
				262CB9101379AB7B0051E090 /* devmaster_logo.png */,
				262CB9111379AB7B0051E090 /* gamedev_logo.png */,
				26577F50133C0BC700CBDA3C /* 28-star.png */,
				26577F4E133C0B9800CBDA3C /* 20-gear2.png */,
				262B64E31336C5ED0086EB20 /* zbyhoo_test.png */,
				262B64E11336C5DA0086EB20 /* zbyhoo.png */,
				26BE1CD71324310D00596340 /* Pictures */,
				8D1107310486CEB800E47090 /* GDNet_ImageOfTheDay-Info.plist */,
				2648D0521301F8FB006941E9 /* Tests-Info.plist */,
				262CB9161379CA180051E090 /* AboutViewController.xib */,
				26DEDD4212F0B77E003BBAEC /* ImagesListViewController.xib */,
				28AD733E0D9D9553002E5188 /* MainWindow.xib */,
				26DEDDC412F0BFF2003BBAEC /* SettingsViewController.xib */,
				26E81A9C1321A66C00FD3D52 /* TableViewCell.xib */,
				269D55A413302C5C00156F5E /* PostDetailsController.xib */,
				2647D7B4133AA22100540BFB /* ZoomedImageViewController.xib */,
			);
			name = Resources;
			sourceTree = "<group>";
		};
		29B97323FDCFA39411CA2CEA /* Frameworks */ = {
			isa = PBXGroup;
			children = (
				28D801B30F44B63D00FB423F /* CoreData.framework */,
				288765A40DF7441C002DB57D /* CoreGraphics.framework */,
				1D30AB110D05D00D00671497 /* Foundation.framework */,
				263E1FDE1309810000775E2B /* GHUnitIOS.framework */,
				1DF5F4DF0D08C38300B7A737 /* UIKit.framework */,
			);
			name = Frameworks;
			sourceTree = "<group>";
		};
/* End PBXGroup section */

/* Begin PBXNativeTarget section */
		1D6058900D05DD3D006BFB54 /* GDNet_ImageOfTheDay */ = {
			isa = PBXNativeTarget;
			buildConfigurationList = 1D6058960D05DD3E006BFB54 /* Build configuration list for PBXNativeTarget "GDNet_ImageOfTheDay" */;
			buildPhases = (
				1D60588D0D05DD3D006BFB54 /* Resources */,
				1D60588E0D05DD3D006BFB54 /* Sources */,
				1D60588F0D05DD3D006BFB54 /* Frameworks */,
			);
			buildRules = (
			);
			dependencies = (
			);
			name = GDNet_ImageOfTheDay;
			productName = GDNet_ImageOfTheDay;
			productReference = 1D6058910D05DD3D006BFB54 /* GDNet_ImageOfTheDay.app */;
			productType = "com.apple.product-type.application";
		};
		2648D04F1301F8FB006941E9 /* Tests */ = {
			isa = PBXNativeTarget;
			buildConfigurationList = 2648D0551301F8FC006941E9 /* Build configuration list for PBXNativeTarget "Tests" */;
			buildPhases = (
				2648D04C1301F8FB006941E9 /* Resources */,
				2648D04D1301F8FB006941E9 /* Sources */,
				2648D04E1301F8FB006941E9 /* Frameworks */,
				26C69584136D8A6100150993 /* ShellScript */,
			);
			buildRules = (
			);
			dependencies = (
			);
			name = Tests;
			productName = Tests;
			productReference = 2648D0501301F8FB006941E9 /* Tests.app */;
			productType = "com.apple.product-type.application";
		};
/* End PBXNativeTarget section */

/* Begin PBXProject section */
		29B97313FDCFA39411CA2CEA /* Project object */ = {
			isa = PBXProject;
			attributes = {
				ORGANIZATIONNAME = zbyhoo;
			};
			buildConfigurationList = C01FCF4E08A954540054247B /* Build configuration list for PBXProject "GDNet_ImageOfTheDay" */;
			compatibilityVersion = "Xcode 3.2";
			developmentRegion = English;
			hasScannedForEncodings = 1;
			knownRegions = (
				English,
				Japanese,
				French,
				German,
			);
			mainGroup = 29B97314FDCFA39411CA2CEA /* CustomTemplate */;
			projectDirPath = "";
			projectRoot = "";
			targets = (
				1D6058900D05DD3D006BFB54 /* GDNet_ImageOfTheDay */,
				2648D04F1301F8FB006941E9 /* Tests */,
			);
		};
/* End PBXProject section */

/* Begin PBXResourcesBuildPhase section */
		1D60588D0D05DD3D006BFB54 /* Resources */ = {
			isa = PBXResourcesBuildPhase;
			buildActionMask = 2147483647;
			files = (
				28AD733F0D9D9553002E5188 /* MainWindow.xib in Resources */,
				26DEDD4412F0B77E003BBAEC /* ImagesListViewController.xib in Resources */,
				26DEDDC612F0BFF2003BBAEC /* SettingsViewController.xib in Resources */,
				26E81A9D1321A66C00FD3D52 /* TableViewCell.xib in Resources */,
				26BE1CE01324314A00596340 /* blackArrow.png in Resources */,
				26BE1CE11324314A00596340 /* blackArrow@2x.png in Resources */,
				26BE1CE21324314A00596340 /* blueArrow.png in Resources */,
				26BE1CE31324314A00596340 /* blueArrow@2x.png in Resources */,
				26BE1CE41324314A00596340 /* grayArrow.png in Resources */,
				26BE1CE51324314A00596340 /* grayArrow@2x.png in Resources */,
				26BE1CE61324314A00596340 /* whiteArrow.png in Resources */,
				26BE1CE71324314A00596340 /* whiteArrow@2x.png in Resources */,
				269D55A613302C6000156F5E /* PostDetailsController.xib in Resources */,
				262B64E21336C5DA0086EB20 /* zbyhoo.png in Resources */,
				2647D7B6133AA22100540BFB /* ZoomedImageViewController.xib in Resources */,
				26577F4F133C0B9800CBDA3C /* 20-gear2.png in Resources */,
				26577F51133C0BC700CBDA3C /* 28-star.png in Resources */,
				262CB9121379AB7B0051E090 /* devmaster_logo.png in Resources */,
				262CB9131379AB7B0051E090 /* gamedev_logo.png in Resources */,
				262CB9181379CA180051E090 /* AboutViewController.xib in Resources */,
				262CB91C1379D09F0051E090 /* 09-chat-2.png in Resources */,
				26595208138AE1EC0092085A /* face_logo.png in Resources */,
				2659520F138AFE850092085A /* iotd.png in Resources */,
				26595213138AFF5C0092085A /* Default.png in Resources */,
			);
			runOnlyForDeploymentPostprocessing = 0;
		};
		2648D04C1301F8FB006941E9 /* Resources */ = {
			isa = PBXResourcesBuildPhase;
			buildActionMask = 2147483647;
			files = (
				264F31C2130C6D8300BEB7C7 /* sample_archive_main_page.html in Resources */,
				262B64DE1336AC7D0086EB20 /* sample_archive_post.html in Resources */,
				262B64E41336C5ED0086EB20 /* zbyhoo_test.png in Resources */,
				269AA40F1367557000C7618E /* sample_devmaster_main.html in Resources */,
				269AA41113675B0000C7618E /* devmaster_post.html in Resources */,
				269AA4131368822100C7618E /* devmaster_post_page.html in Resources */,
				2691276C137877FC003E0891 /* devmaster_post_page2.html in Resources */,
			);
			runOnlyForDeploymentPostprocessing = 0;
		};
/* End PBXResourcesBuildPhase section */

/* Begin PBXShellScriptBuildPhase section */
		26C69584136D8A6100150993 /* ShellScript */ = {
			isa = PBXShellScriptBuildPhase;
			buildActionMask = 2147483647;
			files = (
			);
			inputPaths = (
			);
			outputPaths = (
			);
			runOnlyForDeploymentPostprocessing = 0;
			shellPath = /bin/sh;
			shellScript = "#!/bin/bash\n\nset -o errexit\n\n# If we aren't running from the command line, then exit\nif [ \"$GHUNIT_CLI\" = \"\" ] && [ \"$GHUNIT_AUTORUN\" = \"\" ]; then\nexit 0\nfi\n\nexport DYLD_ROOT_PATH=\"$SDKROOT\"\nexport DYLD_FRAMEWORK_PATH=\"$CONFIGURATION_BUILD_DIR\"\nexport IPHONE_SIMULATOR_ROOT=\"$SDKROOT\"\n\nexport MallocScribble=YES\nexport MallocPreScribble=YES\nexport MallocGuardEdges=YES\nexport MallocStackLogging=YES\nexport MallocStackLoggingNoCompact=YES\n\nexport NSDebugEnabled=YES\nexport NSZombieEnabled=YES\nexport NSDeallocateZombies=NO\nexport NSHangOnUncaughtException=YES\nexport NSAutoreleaseFreedObjectCheckEnabled=YES\n\nexport DYLD_FRAMEWORK_PATH=\"$CONFIGURATION_BUILD_DIR\"\n\nTEST_TARGET_EXECUTABLE_PATH=\"$TARGET_BUILD_DIR/$EXECUTABLE_PATH\"\n\nif [ ! -e \"$TEST_TARGET_EXECUTABLE_PATH\" ]; then\necho \"\"\necho \"  ------------------------------------------------------------------------\"\necho \"  Missing executable path: \"\necho \"     $TEST_TARGET_EXECUTABLE_PATH.\"\necho \"  The product may have failed to build or could have an old xcodebuild in your path (from 3.x instead of 4.x).\"\necho \"  ------------------------------------------------------------------------\"\necho \"\"\nexit 1\nfi\n\nRUN_CMD=\"\\\"$TEST_TARGET_EXECUTABLE_PATH\\\" -RegisterForSystemEvents\"\n\necho \"Running: $RUN_CMD\"    \neval $RUN_CMD\nRETVAL=$?\n\nunset DYLD_ROOT_PATH\nunset DYLD_FRAMEWORK_PATH\nunset IPHONE_SIMULATOR_ROOT\n\nif [ -n \"$WRITE_JUNIT_XML\" ]; then\nMY_TMPDIR=`/usr/bin/getconf DARWIN_USER_TEMP_DIR`\nRESULTS_DIR=\"${MY_TMPDIR}test-results\"\n\nif [ -d \"$RESULTS_DIR\" ]; then\ncp -r \"$RESULTS_DIR\" \"$BUILD_DIR\" && rm -r \"$RESULTS_DIR\"\nfi\nfi\n\nexit $RETVAL";
			showEnvVarsInLog = 0;
		};
/* End PBXShellScriptBuildPhase section */

/* Begin PBXSourcesBuildPhase section */
		1D60588E0D05DD3D006BFB54 /* Sources */ = {
			isa = PBXSourcesBuildPhase;
			buildActionMask = 2147483647;
			files = (
				1D60589B0D05DD56006BFB54 /* main.m in Sources */,
				1D3623260D0F684500981E51 /* GDNet_ImageOfTheDayAppDelegate.m in Sources */,
				28193060112F816700ECF9B4 /* GDNet_ImageOfTheDay.xcdatamodeld in Sources */,
				26DEDD4312F0B77E003BBAEC /* ImagesListViewController.m in Sources */,
				26DEDDC512F0BFF2003BBAEC /* SettingsViewController.m in Sources */,
				265F738512F21B8200DF9DF4 /* DataManager.m in Sources */,
				265F738D12F21C1600DF9DF4 /* GDHtmlStringConverter.m in Sources */,
				2648CFEA1301EF49006941E9 /* Constants.m in Sources */,
				265A6DA5130483AA00FDED1F /* SimpleLogger.m in Sources */,
				264F31B1130C69DF00BEB7C7 /* GDArchiveHtmlStringConverter.m in Sources */,
				26AF99F2131EF10B0096C002 /* Utilities.m in Sources */,
				26E81A781321A45900FD3D52 /* TableViewCell.m in Sources */,
				26BE1CD61324306B00596340 /* EGORefreshTableHeaderView.m in Sources */,
				2678BF60132816E9003CF4C7 /* DBHelper.m in Sources */,
				269D55A513302C6000156F5E /* PostDetailsController.m in Sources */,
				264A60511332B63900037CEA /* GDPicture.m in Sources */,
				264A60551332B63A00037CEA /* GDImagePost.m in Sources */,
				262637E01336463A00366FB2 /* WebView.m in Sources */,
				2647D7B5133AA22100540BFB /* ZoomedImageViewController.m in Sources */,
				2647D7B9133AA6C400540BFB /* ImageButton.m in Sources */,
				26105571134E389300513008 /* FavoritesListViewController.m in Sources */,
				26105574134E477D00513008 /* FavoritesDataManager.m in Sources */,
				26105578134E4EB500513008 /* FavoritePostDetailsController.m in Sources */,
				26FBA5931354EB6300B919A6 /* EGORefreshTableFooterView.m in Sources */,
				269AA4051367425F00C7618E /* GameDevArchiveDataManager.m in Sources */,
				269AA40913674C5300C7618E /* DevMasterHtmlConverter.m in Sources */,
				268B1B201370834F00ADF75A /* DevMasterListViewController.m in Sources */,
				268B1B231370839400ADF75A /* DevMasterDataManager.m in Sources */,
				2691275C13786BDD003E0891 /* GameDevArchivePostDetailsController.m in Sources */,
				2691276013786C88003E0891 /* GameDevArchiveListViewController.m in Sources */,
				2691276313786D27003E0891 /* DevMasterPostDetailsController.m in Sources */,
				262CB9171379CA180051E090 /* AboutViewController.m in Sources */,
			);
			runOnlyForDeploymentPostprocessing = 0;
		};
		2648D04D1301F8FB006941E9 /* Sources */ = {
			isa = PBXSourcesBuildPhase;
			buildActionMask = 2147483647;
			files = (
				267AE02A132E9B6000C25A85 /* DBHelper.m in Sources */,
				26AF997B131ED4810096C002 /* GDNet_ImageOfTheDay.xcdatamodeld in Sources */,
				2648D10F1301FEF4006941E9 /* DataManager.m in Sources */,
				2648D1101301FEF4006941E9 /* GDHtmlStringConverter.m in Sources */,
				2648D1111301FEF4006941E9 /* Constants.m in Sources */,
				2648D0691301FA5A006941E9 /* GHUnitIOSTestMain.m in Sources */,
				2648D0BB1301FED8006941E9 /* GDHtmlStringConverterTest.m in Sources */,
				265A6DA4130483AA00FDED1F /* SimpleLogger.m in Sources */,
				264F31B2130C69DF00BEB7C7 /* GDArchiveHtmlStringConverter.m in Sources */,
				264F31C4130C6DB500BEB7C7 /* GDArchiveHtmlStringConverterTest.m in Sources */,
				26AF99F1131EF10B0096C002 /* Utilities.m in Sources */,
				26AF9A02131EF4990096C002 /* UtilitiesTest.m in Sources */,
				267AE029132E928E00C25A85 /* DataManagerTest.m in Sources */,
				264A60521332B63900037CEA /* GDPicture.m in Sources */,
				264A60561332B63A00037CEA /* GDImagePost.m in Sources */,
				264A605B1332CE8800037CEA /* DBHelperTest.m in Sources */,
				26105575134E477D00513008 /* FavoritesDataManager.m in Sources */,
				269AA4061367425F00C7618E /* GameDevArchiveDataManager.m in Sources */,
				269AA40A13674C5300C7618E /* DevMasterHtmlConverter.m in Sources */,
				269AA40D13674EDD00C7618E /* DevMasterHtmlConverterTest.m in Sources */,
				268B1B241370839400ADF75A /* DevMasterDataManager.m in Sources */,
			);
			runOnlyForDeploymentPostprocessing = 0;
		};
/* End PBXSourcesBuildPhase section */

/* Begin XCBuildConfiguration section */
		1D6058940D05DD3E006BFB54 /* Debug */ = {
			isa = XCBuildConfiguration;
			buildSettings = {
				ALWAYS_SEARCH_USER_PATHS = NO;
				COPY_PHASE_STRIP = NO;
				FRAMEWORK_SEARCH_PATHS = "$(inherited)";
				GCC_DYNAMIC_NO_PIC = NO;
				GCC_OPTIMIZATION_LEVEL = 0;
				GCC_PRECOMPILE_PREFIX_HEADER = YES;
				GCC_PREFIX_HEADER = GDNet_ImageOfTheDay_Prefix.pch;
				INFOPLIST_FILE = "GDNet_ImageOfTheDay-Info.plist";
				IPHONEOS_DEPLOYMENT_TARGET = 4.3;
				OTHER_CPLUSPLUSFLAGS = "$(OTHER_CFLAGS)";
				PRODUCT_NAME = GDNet_ImageOfTheDay;
				SDKROOT = iphoneos;
				SYMROOT = ../build;
			};
			name = Debug;
		};
		1D6058950D05DD3E006BFB54 /* Release */ = {
			isa = XCBuildConfiguration;
			buildSettings = {
				ALWAYS_SEARCH_USER_PATHS = NO;
				COPY_PHASE_STRIP = YES;
				FRAMEWORK_SEARCH_PATHS = "$(inherited)";
				GCC_PRECOMPILE_PREFIX_HEADER = YES;
				GCC_PREFIX_HEADER = GDNet_ImageOfTheDay_Prefix.pch;
				INFOPLIST_FILE = "GDNet_ImageOfTheDay-Info.plist";
				IPHONEOS_DEPLOYMENT_TARGET = 4.3;
				PRODUCT_NAME = GDNet_ImageOfTheDay;
				SDKROOT = iphoneos;
				SYMROOT = ../build;
				VALIDATE_PRODUCT = YES;
			};
			name = Release;
		};
		2648D0531301F8FB006941E9 /* Debug */ = {
			isa = XCBuildConfiguration;
			buildSettings = {
				ALWAYS_SEARCH_USER_PATHS = NO;
				CODE_SIGN_IDENTITY = "iPhone Developer";
				COPY_PHASE_STRIP = NO;
				FRAMEWORK_SEARCH_PATHS = (
					"$(inherited)",
					"\"$(SRCROOT)\"",
				);
				GCC_DYNAMIC_NO_PIC = NO;
				GCC_OPTIMIZATION_LEVEL = 0;
				GCC_PRECOMPILE_PREFIX_HEADER = YES;
				GCC_PREFIX_HEADER = Tests_Prefix.pch;
				INFOPLIST_FILE = "Tests-Info.plist";
				INSTALL_PATH = "$(HOME)/Applications";
				IPHONEOS_DEPLOYMENT_TARGET = 4.2;
				OTHER_CPLUSPLUSFLAGS = "$(OTHER_CFLAGS)";
				OTHER_LDFLAGS = (
					"-framework",
					Foundation,
					"-framework",
					UIKit,
					"-ObjC",
					"-all_load",
				);
				PREBINDING = NO;
				PRODUCT_NAME = Tests;
				SDKROOT = iphoneos;
				SYMROOT = ../build;
			};
			name = Debug;
		};
		2648D0541301F8FB006941E9 /* Release */ = {
			isa = XCBuildConfiguration;
			buildSettings = {
				ALWAYS_SEARCH_USER_PATHS = NO;
				CODE_SIGN_IDENTITY = "iPhone Developer";
				COPY_PHASE_STRIP = YES;
				DEBUG_INFORMATION_FORMAT = "dwarf-with-dsym";
				FRAMEWORK_SEARCH_PATHS = (
					"$(inherited)",
					"\"$(SRCROOT)\"",
				);
				GCC_ENABLE_FIX_AND_CONTINUE = NO;
				GCC_PRECOMPILE_PREFIX_HEADER = YES;
				GCC_PREFIX_HEADER = Tests_Prefix.pch;
				INFOPLIST_FILE = "Tests-Info.plist";
				INSTALL_PATH = "$(HOME)/Applications";
				IPHONEOS_DEPLOYMENT_TARGET = 4.2;
				OTHER_LDFLAGS = (
					"-framework",
					Foundation,
					"-framework",
					UIKit,
				);
				PREBINDING = NO;
				PRODUCT_NAME = Tests;
				SDKROOT = iphoneos;
				SYMROOT = ../build;
				ZERO_LINK = NO;
			};
			name = Release;
		};
		C01FCF4F08A954540054247B /* Debug */ = {
			isa = XCBuildConfiguration;
			buildSettings = {
				ARCHS = "$(ARCHS_STANDARD_32_BIT)";
				"CODE_SIGN_IDENTITY[sdk=iphoneos*]" = "iPhone Developer";
				GCC_C_LANGUAGE_STANDARD = c99;
				GCC_WARN_ABOUT_RETURN_TYPE = YES;
				GCC_WARN_UNUSED_VARIABLE = YES;
				PREBINDING = NO;
				SDKROOT = iphoneos4.2;
			};
			name = Debug;
		};
		C01FCF5008A954540054247B /* Release */ = {
			isa = XCBuildConfiguration;
			buildSettings = {
				ARCHS = "$(ARCHS_STANDARD_32_BIT)";
				"CODE_SIGN_IDENTITY[sdk=iphoneos*]" = "iPhone Developer";
				GCC_C_LANGUAGE_STANDARD = c99;
				GCC_WARN_ABOUT_RETURN_TYPE = YES;
				GCC_WARN_UNUSED_VARIABLE = YES;
				OTHER_CFLAGS = "-DNS_BLOCK_ASSERTIONS=1";
				PREBINDING = NO;
				SDKROOT = iphoneos4.2;
			};
			name = Release;
		};
/* End XCBuildConfiguration section */

/* Begin XCConfigurationList section */
		1D6058960D05DD3E006BFB54 /* Build configuration list for PBXNativeTarget "GDNet_ImageOfTheDay" */ = {
			isa = XCConfigurationList;
			buildConfigurations = (
				1D6058940D05DD3E006BFB54 /* Debug */,
				1D6058950D05DD3E006BFB54 /* Release */,
			);
			defaultConfigurationIsVisible = 0;
			defaultConfigurationName = Release;
		};
		2648D0551301F8FC006941E9 /* Build configuration list for PBXNativeTarget "Tests" */ = {
			isa = XCConfigurationList;
			buildConfigurations = (
				2648D0531301F8FB006941E9 /* Debug */,
				2648D0541301F8FB006941E9 /* Release */,
			);
			defaultConfigurationIsVisible = 0;
			defaultConfigurationName = Release;
		};
		C01FCF4E08A954540054247B /* Build configuration list for PBXProject "GDNet_ImageOfTheDay" */ = {
			isa = XCConfigurationList;
			buildConfigurations = (
				C01FCF4F08A954540054247B /* Debug */,
				C01FCF5008A954540054247B /* Release */,
			);
			defaultConfigurationIsVisible = 0;
			defaultConfigurationName = Release;
		};
/* End XCConfigurationList section */

/* Begin XCVersionGroup section */
		2819305F112F816700ECF9B4 /* GDNet_ImageOfTheDay.xcdatamodeld */ = {
			isa = XCVersionGroup;
			children = (
				28C3AD890F43EF2300507BA6 /* GDNet_ImageOfTheDay.xcdatamodel */,
			);
			currentVersion = 28C3AD890F43EF2300507BA6 /* GDNet_ImageOfTheDay.xcdatamodel */;
			name = GDNet_ImageOfTheDay.xcdatamodeld;
			path = ../GDNet_ImageOfTheDay.xcdatamodeld;
			sourceTree = "<group>";
			versionGroupType = wrapper.xcdatamodel;
		};
/* End XCVersionGroup section */
	};
	rootObject = 29B97313FDCFA39411CA2CEA /* Project object */;
}
